
Microsoft Visual Studio Solution File, Format Version 12.00
# Visual Studio Version 16
VisualStudioVersion = 16.0.810.14
MinimumVisualStudioVersion = 10.0.40219.1
Project("{FAE04EC0-301F-11D3-BF4B-00C04F79EFBC}") = "udemy-course-asp-dotnet-5-mvc", "udemy-course-asp-dotnet-5-mvc\udemy-course-asp-dotnet-5-mvc.csproj", "{AEEBB21B-822C-499B-9E45-71AE48AD7205}"
EndProject
Global
	GlobalSection(SolutionConfigurationPlatforms) = preSolution
		Debug|Any CPU = Debug|Any CPU
		Release|Any CPU = Release|Any CPU
	EndGlobalSection
	GlobalSection(ProjectConfigurationPlatforms) = postSolution
		{AEEBB21B-822C-499B-9E45-71AE48AD7205}.Debug|Any CPU.ActiveCfg = Debug|Any CPU
		{AEEBB21B-822C-499B-9E45-71AE48AD7205}.Debug|Any CPU.Build.0 = Debug|Any CPU
		{AEEBB21B-822C-499B-9E45-71AE48AD7205}.Release|Any CPU.ActiveCfg = Release|Any CPU
		{AEEBB21B-822C-499B-9E45-71AE48AD7205}.Release|Any CPU.Build.0 = Release|Any CPU
	EndGlobalSection
	GlobalSection(SolutionProperties) = preSolution
		HideSolutionNode = FALSE
	EndGlobalSection
	GlobalSection(ExtensibilityGlobals) = postSolution
		SolutionGuid = {D0FEE688-73E2-412F-8536-5CAD19CA3BD8}
	EndGlobalSection
EndGlobal
